
Microsoft Visual Studio Solution File, Format Version 11.00
# Visual Studio 2010
Project("{FAE04EC0-301F-11D3-BF4B-00C04F79EFBC}") = "MvcApi", "MvcApi\MvcApi.csproj", "{B5CDEE19-F265-4058-952A-5EAE449398F8}"
EndProject
Project("{FAE04EC0-301F-11D3-BF4B-00C04F79EFBC}") = "BusinessLayer", "BusinessLayer\BusinessLayer.csproj", "{A9370FEF-8E00-485F-9A90-06F4DAB596FD}"
EndProject
Global
	GlobalSection(SolutionConfigurationPlatforms) = preSolution
		Debug|Any CPU = Debug|Any CPU
		Release|Any CPU = Release|Any CPU
	EndGlobalSection
	GlobalSection(ProjectConfigurationPlatforms) = postSolution
		{B5CDEE19-F265-4058-952A-5EAE449398F8}.Debug|Any CPU.ActiveCfg = Debug|Any CPU
		{B5CDEE19-F265-4058-952A-5EAE449398F8}.Debug|Any CPU.Build.0 = Debug|Any CPU
		{B5CDEE19-F265-4058-952A-5EAE449398F8}.Release|Any CPU.ActiveCfg = Release|Any CPU
		{B5CDEE19-F265-4058-952A-5EAE449398F8}.Release|Any CPU.Build.0 = Release|Any CPU
		{A9370FEF-8E00-485F-9A90-06F4DAB596FD}.Debug|Any CPU.ActiveCfg = Debug|Any CPU
		{A9370FEF-8E00-485F-9A90-06F4DAB596FD}.Debug|Any CPU.Build.0 = Debug|Any CPU
		{A9370FEF-8E00-485F-9A90-06F4DAB596FD}.Release|Any CPU.ActiveCfg = Release|Any CPU
		{A9370FEF-8E00-485F-9A90-06F4DAB596FD}.Release|Any CPU.Build.0 = Release|Any CPU
	EndGlobalSection
	GlobalSection(SolutionProperties) = preSolution
		HideSolutionNode = FALSE
	EndGlobalSection
EndGlobal
